{
  "name": "qits-spa-workspaces",
  "version": "0.0.0",
  "lockfileVersion": 3,
  "requires": true,
  "packages": {
    "": {
      "name": "qits-spa-workspaces",
      "version": "0.0.0",
      "license": "MIT",
      "dependencies": {
        "@angular/common": "^21.2.0",
        "@angular/compiler": "^21.2.0",
        "@angular/core": "^21.2.0",
        "@angular/forms": "^21.2.0",
        "@angular/platform-browser": "^21.2.0",
        "@angular/router": "^21.2.0",
        "@qits/ui-components": "^0.0.4",
        "rxjs": "~7.8.0",
        "tslib": "^2.3.0"
      },
      "devDependencies": {
        "@angular/build": "^21.2.19",
        "@angular/cli": "^21.2.19",
        "@angular/compiler-cli": "^21.2.0",
        "jsdom": "^28.0.0",
        "prettier": "^3.8.1",
        "typescript": "~5.9.2",
        "vitest": "^4.0.8"
      }
    },
    "node_modules/@acemir/cssom": {
      "version": "0.9.31",
      "resolved": "http://localhost:8081/artifacts/npm/npmjs/@acemir/cssom/-/cssom-0.9.31.tgz",
      "integrity": "sha512-ZnR3GSaH+/vJ0YlHau21FjfLYjMpYVIzTD8M8vIEQvIGxeOXyXdzCI140rrCY862p/C/BbzWsjc1dgnM9mkoTA==",
      "dev": true,
      "license": "MIT"
    },
    "node_modules/@algolia/abtesting": {
      "version": "1.14.1",
      "resolved": "http://localhost:8081/artifacts/npm/npmjs/@algolia/abtesting/-/abtesting-1.14.1.tgz",
      "integrity": "sha512-Dkj0BgPiLAaim9sbQ97UKDFHJE/880wgStAM18U++NaJ/2Cws34J5731ovJifr6E3Pv4T2CqvMXf8qLCC417Ew==",
      "dev": true,
      "license": "MIT",
      "dependencies": {
        "@algolia/client-common": "5.48.1",
        "@algolia/requester-browser-xhr": "5.48.1",
        "@algolia/requester-fetch": "5.48.1",
        "@algolia/requester-node-http": "5.48.1"
      },
      "engines": {
        "node": ">= 14.0.0"
      }
    }
  }
}
